
Microsoft Visual Studio Solution File, Format Version 12.00
# Visual Studio Version 17
VisualStudioVersion = 17.14.37628.2 d17.14
MinimumVisualStudioVersion = 10.0.40219.1
Project("{8BC9CEB8-8B4A-11D0-8D11-00A0C91BC942}") = "дз к лабораторной работе №1", "дз к лабораторной работе №1\дз к лабораторной работе №1.vcxproj", "{001DB5CD-E347-4190-A455-A7E965676F6F}"
EndProject
Global
	GlobalSection(SolutionConfigurationPlatforms) = preSolution
		Debug|x64 = Debug|x64
		Debug|x86 = Debug|x86
		Release|x64 = Release|x64
		Release|x86 = Release|x86
	EndGlobalSection
	GlobalSection(ProjectConfigurationPlatforms) = postSolution
		{001DB5CD-E347-4190-A455-A7E965676F6F}.Debug|x64.ActiveCfg = Debug|x64
		{001DB5CD-E347-4190-A455-A7E965676F6F}.Debug|x64.Build.0 = Debug|x64
		{001DB5CD-E347-4190-A455-A7E965676F6F}.Debug|x86.ActiveCfg = Debug|Win32
		{001DB5CD-E347-4190-A455-A7E965676F6F}.Debug|x86.Build.0 = Debug|Win32
		{001DB5CD-E347-4190-A455-A7E965676F6F}.Release|x64.ActiveCfg = Release|x64
		{001DB5CD-E347-4190-A455-A7E965676F6F}.Release|x64.Build.0 = Release|x64
		{001DB5CD-E347-4190-A455-A7E965676F6F}.Release|x86.ActiveCfg = Release|Win32
		{001DB5CD-E347-4190-A455-A7E965676F6F}.Release|x86.Build.0 = Release|Win32
	EndGlobalSection
	GlobalSection(SolutionProperties) = preSolution
		HideSolutionNode = FALSE
	EndGlobalSection
	GlobalSection(ExtensibilityGlobals) = postSolution
		SolutionGuid = {A3A989DD-6211-4156-BAE7-857ABC052962}
	EndGlobalSection
EndGlobal
